
Microsoft Visual Studio Solution File, Format Version 12.00
# Visual Studio 15
Project("{FAE04EC0-301F-11D3-BF4B-00C04F79EFBC}") = "Assembly-CSharp", "Assembly-CSharp.csproj", "{B20E7EEC-B72D-8456-8660-B29C78E9C128}"
EndProject
Global
	GlobalSection(SolutionConfigurationPlatforms) = preSolution
		Debug|Any CPU = Debug|Any CPU
		Release|Any CPU = Release|Any CPU
	EndGlobalSection
	GlobalSection(ProjectConfigurationPlatforms) = postSolution
		{B20E7EEC-B72D-8456-8660-B29C78E9C128}.Debug|Any CPU.ActiveCfg = Debug|Any CPU
		{B20E7EEC-B72D-8456-8660-B29C78E9C128}.Debug|Any CPU.Build.0 = Debug|Any CPU
		{B20E7EEC-B72D-8456-8660-B29C78E9C128}.Release|Any CPU.ActiveCfg = Release|Any CPU
		{B20E7EEC-B72D-8456-8660-B29C78E9C128}.Release|Any CPU.Build.0 = Release|Any CPU
	EndGlobalSection
	GlobalSection(SolutionProperties) = preSolution
		HideSolutionNode = FALSE
	EndGlobalSection
EndGlobal
